
Microsoft Visual Studio Solution File, Format Version 12.00
# Visual Studio Version 17
VisualStudioVersion = 17.8.34408.163
MinimumVisualStudioVersion = 10.0.40219.1
Project("{FAE04EC0-301F-11D3-BF4B-00C04F79EFBC}") = "Project1", "Project1\Project1.csproj", "{204CE712-46F7-4D75-AC16-B6ACC53B03EF}"
EndProject
Global
	GlobalSection(SolutionConfigurationPlatforms) = preSolution
		Debug|Any CPU = Debug|Any CPU
		Release|Any CPU = Release|Any CPU
	EndGlobalSection
	GlobalSection(ProjectConfigurationPlatforms) = postSolution
		{204CE712-46F7-4D75-AC16-B6ACC53B03EF}.Debug|Any CPU.ActiveCfg = Debug|Any CPU
		{204CE712-46F7-4D75-AC16-B6ACC53B03EF}.Debug|Any CPU.Build.0 = Debug|Any CPU
		{204CE712-46F7-4D75-AC16-B6ACC53B03EF}.Release|Any CPU.ActiveCfg = Release|Any CPU
		{204CE712-46F7-4D75-AC16-B6ACC53B03EF}.Release|Any CPU.Build.0 = Release|Any CPU
	EndGlobalSection
	GlobalSection(SolutionProperties) = preSolution
		HideSolutionNode = FALSE
	EndGlobalSection
	GlobalSection(ExtensibilityGlobals) = postSolution
		SolutionGuid = {4E6E6F6F-BE19-4106-B222-DE9424BA1A70}
	EndGlobalSection
EndGlobal
